# This file is generated by noeta; it is meant to be committed. Do not edit.
version = 2

[[package]]
name = "para/ai"
version = "0.1.0"
source = "path"
path = "../.."
edition = "2026"
hash = "593dd18e4fbfd25a1494d81f93e67cb12ca7f2ff43681bdff1b859765fb09fec"

[[package]]
name = "para/api"
version = "0.1.3"
source = "path"
path = "../para-api"
native = "native"
edition = "2026"
hash = "aec9c6e1af7f8e96fe64bd5907b00e9693e2862fd271ed54694006ecd5e00ff9"
