# This file is generated by noeta; it is meant to be committed. Do not edit.
version = 2

[[package]]
name = "para/api"
version = "0.2.0"
source = "git"
url = "https://github.com/noeta-lang/para-api"
tag = "v0.2.0"
sha = "0646807d17121e176db398851e64ece93f7943ba"
native = "native"
edition = "2026"
hash = "493eef4f4a197c4df665bf5dbc510dbfb60bef789a04b88bd947e2c662f36efb"

[[scope]]
name = "para/api"
issuer = "https://token.actions.githubusercontent.com"
identity = "https://github.com/noeta-lang/para-api/.github/workflows/release.yml@refs/tags/v0.2.0"
