# This file is generated by noeta; it is meant to be committed. Do not edit.
version = 2

[[package]]
name = "para/ai"
version = "0.1.0"
source = "path"
path = "../.."
edition = "2026"
hash = "14cf2abc9dd87f06974a47b840ab776842c5fcac52a60c79a8d19b002d607b06"

[[package]]
name = "para/api"
version = "0.1.3"
source = "path"
path = "../para-api"
native = "native"
edition = "2026"
hash = "aec9c6e1af7f8e96fe64bd5907b00e9693e2862fd271ed54694006ecd5e00ff9"
