# This file is generated by noeta; it is meant to be committed. Do not edit.
version = 2

[[package]]
name = "para/ai"
version = "0.1.0"
source = "path"
path = "../.."
edition = "2026"
hash = "57cb1f61251070b76e5046a7a736f1b71623d1deb1981a19caaaf313f21110e6"

[[package]]
name = "para/api"
version = "0.1.3"
source = "path"
path = "../para-api"
native = "native"
edition = "2026"
hash = "ac0d164384aff913a14dea05c5456869e934f028424382b4c55f0a1be61487f1"
